
Microsoft Visual Studio Solution File, Format Version 12.00
# Visual Studio 2012
Project("{FAE04EC0-301F-11D3-BF4B-00C04F79EFBC}") = "AzaleaServiceBus", "AzaleaServiceBus\AzaleaServiceBus.csproj", "{B2E73D2C-1974-4C1C-9BCB-FCFC095781F4}"
EndProject
Project("{FAE04EC0-301F-11D3-BF4B-00C04F79EFBC}") = "ServiceContracts", "ServiceContracts\ServiceContracts.csproj", "{3F550C3C-6BC6-46EA-BDC1-62A9EE271E13}"
EndProject
Global
	GlobalSection(SolutionConfigurationPlatforms) = preSolution
		Debug|Any CPU = Debug|Any CPU
		Release|Any CPU = Release|Any CPU
	EndGlobalSection
	GlobalSection(ProjectConfigurationPlatforms) = postSolution
		{B2E73D2C-1974-4C1C-9BCB-FCFC095781F4}.Debug|Any CPU.ActiveCfg = Debug|Any CPU
		{B2E73D2C-1974-4C1C-9BCB-FCFC095781F4}.Debug|Any CPU.Build.0 = Debug|Any CPU
		{B2E73D2C-1974-4C1C-9BCB-FCFC095781F4}.Release|Any CPU.ActiveCfg = Release|Any CPU
		{B2E73D2C-1974-4C1C-9BCB-FCFC095781F4}.Release|Any CPU.Build.0 = Release|Any CPU
		{3F550C3C-6BC6-46EA-BDC1-62A9EE271E13}.Debug|Any CPU.ActiveCfg = Debug|Any CPU
		{3F550C3C-6BC6-46EA-BDC1-62A9EE271E13}.Debug|Any CPU.Build.0 = Debug|Any CPU
		{3F550C3C-6BC6-46EA-BDC1-62A9EE271E13}.Release|Any CPU.ActiveCfg = Release|Any CPU
		{3F550C3C-6BC6-46EA-BDC1-62A9EE271E13}.Release|Any CPU.Build.0 = Release|Any CPU
	EndGlobalSection
	GlobalSection(SolutionProperties) = preSolution
		HideSolutionNode = FALSE
	EndGlobalSection
EndGlobal
